
Microsoft Visual Studio Solution File, Format Version 12.00
# Visual Studio Version 16
VisualStudioVersion = 16.0.31410.357
MinimumVisualStudioVersion = 10.0.40219.1
Project("{9A19103F-16F7-4668-BE54-9A1E7A4F7556}") = "ControleDeUsuarios", "ControleDeUsuarios\ControleDeUsuarios.csproj", "{A953A631-CDE2-467C-AC4A-44EADA62BF99}"
EndProject
Project("{FAE04EC0-301F-11D3-BF4B-00C04F79EFBC}") = "ApiWeb", "ApiWeb\ApiWeb.csproj", "{C74EB3C9-DE89-4F21-BF9D-292767927C82}"
EndProject
Global
	GlobalSection(SolutionConfigurationPlatforms) = preSolution
		Debug|Any CPU = Debug|Any CPU
		Release|Any CPU = Release|Any CPU
	EndGlobalSection
	GlobalSection(ProjectConfigurationPlatforms) = postSolution
		{A953A631-CDE2-467C-AC4A-44EADA62BF99}.Debug|Any CPU.ActiveCfg = Debug|Any CPU
		{A953A631-CDE2-467C-AC4A-44EADA62BF99}.Debug|Any CPU.Build.0 = Debug|Any CPU
		{A953A631-CDE2-467C-AC4A-44EADA62BF99}.Release|Any CPU.ActiveCfg = Release|Any CPU
		{A953A631-CDE2-467C-AC4A-44EADA62BF99}.Release|Any CPU.Build.0 = Release|Any CPU
		{C74EB3C9-DE89-4F21-BF9D-292767927C82}.Debug|Any CPU.ActiveCfg = Debug|Any CPU
		{C74EB3C9-DE89-4F21-BF9D-292767927C82}.Debug|Any CPU.Build.0 = Debug|Any CPU
		{C74EB3C9-DE89-4F21-BF9D-292767927C82}.Release|Any CPU.ActiveCfg = Release|Any CPU
		{C74EB3C9-DE89-4F21-BF9D-292767927C82}.Release|Any CPU.Build.0 = Release|Any CPU
	EndGlobalSection
	GlobalSection(SolutionProperties) = preSolution
		HideSolutionNode = FALSE
	EndGlobalSection
	GlobalSection(ExtensibilityGlobals) = postSolution
		SolutionGuid = {1C3A7E33-F4AD-4DDC-8FCC-55F25449D239}
	EndGlobalSection
EndGlobal
